
Microsoft Visual Studio Solution File, Format Version 12.00
# Visual Studio Version 17
VisualStudioVersion = 17.2.32630.192
MinimumVisualStudioVersion = 10.0.40219.1
Project("{FAE04EC0-301F-11D3-BF4B-00C04F79EFBC}") = "CwiczeniaPierwsze", "CwiczeniaPierwsze\CwiczeniaPierwsze.csproj", "{86142C10-5358-4D46-8D31-C28C4736C6C8}"
EndProject
Global
	GlobalSection(SolutionConfigurationPlatforms) = preSolution
		Debug|Any CPU = Debug|Any CPU
		Release|Any CPU = Release|Any CPU
	EndGlobalSection
	GlobalSection(ProjectConfigurationPlatforms) = postSolution
		{86142C10-5358-4D46-8D31-C28C4736C6C8}.Debug|Any CPU.ActiveCfg = Debug|Any CPU
		{86142C10-5358-4D46-8D31-C28C4736C6C8}.Debug|Any CPU.Build.0 = Debug|Any CPU
		{86142C10-5358-4D46-8D31-C28C4736C6C8}.Release|Any CPU.ActiveCfg = Release|Any CPU
		{86142C10-5358-4D46-8D31-C28C4736C6C8}.Release|Any CPU.Build.0 = Release|Any CPU
	EndGlobalSection
	GlobalSection(SolutionProperties) = preSolution
		HideSolutionNode = FALSE
	EndGlobalSection
	GlobalSection(ExtensibilityGlobals) = postSolution
		SolutionGuid = {B38AB8B6-5A81-4BBD-B989-BC5B741679E5}
	EndGlobalSection
EndGlobal
